
Microsoft Visual Studio Solution File, Format Version 12.00
# Visual Studio Version 17
VisualStudioVersion = 17.5.33530.505
MinimumVisualStudioVersion = 10.0.40219.1
Project("{FAE04EC0-301F-11D3-BF4B-00C04F79EFBC}") = "pryResumenLabo", "pryResumenLabo.csproj", "{88FB8811-E05D-4045-885B-85036C37A366}"
EndProject
Global
	GlobalSection(SolutionConfigurationPlatforms) = preSolution
		Debug|Any CPU = Debug|Any CPU
		Release|Any CPU = Release|Any CPU
	EndGlobalSection
	GlobalSection(ProjectConfigurationPlatforms) = postSolution
		{88FB8811-E05D-4045-885B-85036C37A366}.Debug|Any CPU.ActiveCfg = Debug|Any CPU
		{88FB8811-E05D-4045-885B-85036C37A366}.Debug|Any CPU.Build.0 = Debug|Any CPU
		{88FB8811-E05D-4045-885B-85036C37A366}.Release|Any CPU.ActiveCfg = Release|Any CPU
		{88FB8811-E05D-4045-885B-85036C37A366}.Release|Any CPU.Build.0 = Release|Any CPU
	EndGlobalSection
	GlobalSection(SolutionProperties) = preSolution
		HideSolutionNode = FALSE
	EndGlobalSection
	GlobalSection(ExtensibilityGlobals) = postSolution
		SolutionGuid = {D03EE4F4-2872-4DCB-8647-CB47CE427E54}
	EndGlobalSection
EndGlobal
